
Microsoft Visual Studio Solution File, Format Version 12.00
# Visual Studio Version 17
VisualStudioVersion = 17.13.35806.99
MinimumVisualStudioVersion = 10.0.40219.1
Project("{FAE04EC0-301F-11D3-BF4B-00C04F79EFBC}") = "QuanLyAmThucNhaTrang", "QuanLyAmThucNhaTrang.csproj", "{D211A855-F7A9-4982-98C6-763A6750D0BF}"
EndProject
Project("{2150E333-8FDC-42A3-9474-1A3956D46DE8}") = "Solution Items", "Solution Items", "{8EC462FD-D22E-90A8-E5CE-7E832BA40C5D}"
	ProjectSection(SolutionItems) = preProject
		.gitignore = .gitignore
	EndProjectSection
EndProject
Project("{FAE04EC0-301F-11D3-BF4B-00C04F79EFBC}") = "QuanLyAmThucNhaTrang.DAL", "..\QuanLyAmThucNhaTrang.DAL\QuanLyAmThucNhaTrang.DAL.csproj", "{E420AE61-C867-42AE-BAA8-111EFFE159AC}"
EndProject
Project("{FAE04EC0-301F-11D3-BF4B-00C04F79EFBC}") = "QuanLyAmThucNhaTrang.BLL", "..\QuanLyAmThucNhaTrang.BLL\QuanLyAmThucNhaTrang.BLL.csproj", "{2EF308B0-7FE6-49B2-9BF8-5CE0E6C26177}"
EndProject
Global
	GlobalSection(SolutionConfigurationPlatforms) = preSolution
		Debug|Any CPU = Debug|Any CPU
		Release|Any CPU = Release|Any CPU
	EndGlobalSection
	GlobalSection(ProjectConfigurationPlatforms) = postSolution
		{D211A855-F7A9-4982-98C6-763A6750D0BF}.Debug|Any CPU.ActiveCfg = Debug|Any CPU
		{D211A855-F7A9-4982-98C6-763A6750D0BF}.Debug|Any CPU.Build.0 = Debug|Any CPU
		{D211A855-F7A9-4982-98C6-763A6750D0BF}.Release|Any CPU.ActiveCfg = Release|Any CPU
		{D211A855-F7A9-4982-98C6-763A6750D0BF}.Release|Any CPU.Build.0 = Release|Any CPU
		{E420AE61-C867-42AE-BAA8-111EFFE159AC}.Debug|Any CPU.ActiveCfg = Debug|Any CPU
		{E420AE61-C867-42AE-BAA8-111EFFE159AC}.Debug|Any CPU.Build.0 = Debug|Any CPU
		{E420AE61-C867-42AE-BAA8-111EFFE159AC}.Release|Any CPU.ActiveCfg = Release|Any CPU
		{E420AE61-C867-42AE-BAA8-111EFFE159AC}.Release|Any CPU.Build.0 = Release|Any CPU
		{2EF308B0-7FE6-49B2-9BF8-5CE0E6C26177}.Debug|Any CPU.ActiveCfg = Debug|Any CPU
		{2EF308B0-7FE6-49B2-9BF8-5CE0E6C26177}.Debug|Any CPU.Build.0 = Debug|Any CPU
		{2EF308B0-7FE6-49B2-9BF8-5CE0E6C26177}.Release|Any CPU.ActiveCfg = Release|Any CPU
		{2EF308B0-7FE6-49B2-9BF8-5CE0E6C26177}.Release|Any CPU.Build.0 = Release|Any CPU
	EndGlobalSection
	GlobalSection(SolutionProperties) = preSolution
		HideSolutionNode = FALSE
	EndGlobalSection
	GlobalSection(ExtensibilityGlobals) = postSolution
		SolutionGuid = {5B4BC379-09B2-40E0-9C3A-A09872BD6FB0}
	EndGlobalSection
EndGlobal
